
Microsoft Visual Studio Solution File, Format Version 12.00
# Visual Studio 15
VisualStudioVersion = 15.0.27004.2005
MinimumVisualStudioVersion = 10.0.40219.1
Project("{FAE04EC0-301F-11D3-BF4B-00C04F79EFBC}") = "Team_Project_Maze", "Team_Project_Maze\Team_Project_Maze.csproj", "{3D7797E9-500E-446A-8F58-D739425CCBCA}"
EndProject
Global
	GlobalSection(SolutionConfigurationPlatforms) = preSolution
		Debug|Any CPU = Debug|Any CPU
		Release|Any CPU = Release|Any CPU
	EndGlobalSection
	GlobalSection(ProjectConfigurationPlatforms) = postSolution
		{3D7797E9-500E-446A-8F58-D739425CCBCA}.Debug|Any CPU.ActiveCfg = Debug|Any CPU
		{3D7797E9-500E-446A-8F58-D739425CCBCA}.Debug|Any CPU.Build.0 = Debug|Any CPU
		{3D7797E9-500E-446A-8F58-D739425CCBCA}.Release|Any CPU.ActiveCfg = Release|Any CPU
		{3D7797E9-500E-446A-8F58-D739425CCBCA}.Release|Any CPU.Build.0 = Release|Any CPU
	EndGlobalSection
	GlobalSection(SolutionProperties) = preSolution
		HideSolutionNode = FALSE
	EndGlobalSection
	GlobalSection(ExtensibilityGlobals) = postSolution
		SolutionGuid = {38884DE7-5B90-44BF-93F3-42D2A0F8DEE3}
	EndGlobalSection
EndGlobal
